results/run_1/scplusmdata.h5mu
results/run_1/ACC_GEX.h5mu
results/run_1/AUCell_direct.h5mu
results/run_1/AUCell_extended.h5mu
results/run_1/eRegulon_direct.tsv
results/run_1/eRegulons_extended.tsv
../../../../scenicplus/data/outs/cistopic_obj.pkl
results/run_1/GEX_anndata_sampled.h5ad
../../../../scenicplus/data/pbmc_adata.h5ad
results/run_1/eRegulon_direct.tsv
results/run_1/ACC_GEX.h5mu
results/run_1/tf_to_gene_adj.tsv
results/run_1/region_to_gene_adj.tsv
results/run_1/cistromes_direct.h5ad
../../../../scenicplus/data/hg38_screen_v10_clust.regions_vs_motifs.rankings.feather
results/run_1/ACC_GEX.h5mu
results/run_1/tf_names.txt
results/run_1/dem_results.hdf5
results/run_1/ctx_results.hdf5
results/run_1/ACC_GEX.h5mu
../../../../scenicplus/data/outs/region_sets
../../../../scenicplus/data/hg38_screen_v10_clust.regions_vs_motifs.scores.feather
results/run_1/genome_annotation.tsv
../../../../scenicplus/data/Motifsv10nrclustnr.tbl
../../../../scenicplus/data/outs/region_sets
../../../../scenicplus/data/hg38_screen_v10_clust.regions_vs_motifs.rankings.feather
../../../../scenicplus/data/Motifsv10nrclustnr.tbl
results/run_1/ACC_GEX.h5mu
results/run_1/search_space.tsv
results/run_1/ACC_GEX.h5mu
results/run_1/genome_annotation.tsv
results/run_1/chromsizes.tsv
results/run_1/eRegulons_extended.tsv
results/run_1/ACC_GEX.h5mu
results/run_1/tf_to_gene_adj.tsv
results/run_1/region_to_gene_adj.tsv
results/run_1/cistromes_extended.h5ad
../../../../scenicplus/data/hg38_screen_v10_clust.regions_vs_motifs.rankings.feather
